
Microsoft Visual Studio Solution File, Format Version 12.00
# Visual Studio Version 17
VisualStudioVersion = 17.0.32014.148
MinimumVisualStudioVersion = 10.0.40219.1
Project("{FAE04EC0-301F-11D3-BF4B-00C04F79EFBC}") = "UsersService", "UsersService.csproj", "{7837619C-2A7E-4048-93C2-ABF90A0A683D}"
EndProject
Global
	GlobalSection(SolutionConfigurationPlatforms) = preSolution
		Debug|Any CPU = Debug|Any CPU
		Release|Any CPU = Release|Any CPU
	EndGlobalSection
	GlobalSection(ProjectConfigurationPlatforms) = postSolution
		{7837619C-2A7E-4048-93C2-ABF90A0A683D}.Debug|Any CPU.ActiveCfg = Debug|Any CPU
		{7837619C-2A7E-4048-93C2-ABF90A0A683D}.Debug|Any CPU.Build.0 = Debug|Any CPU
		{7837619C-2A7E-4048-93C2-ABF90A0A683D}.Release|Any CPU.ActiveCfg = Release|Any CPU
		{7837619C-2A7E-4048-93C2-ABF90A0A683D}.Release|Any CPU.Build.0 = Release|Any CPU
	EndGlobalSection
	GlobalSection(SolutionProperties) = preSolution
		HideSolutionNode = FALSE
	EndGlobalSection
	GlobalSection(ExtensibilityGlobals) = postSolution
		SolutionGuid = {96092C80-1161-45EC-BAA0-AC37FC1FC7AB}
	EndGlobalSection
EndGlobal
